
Microsoft Visual Studio Solution File, Format Version 12.00
# Visual Studio Version 17
VisualStudioVersion = 17.10.35027.167
MinimumVisualStudioVersion = 10.0.40219.1
Project("{FAE04EC0-301F-11D3-BF4B-00C04F79EFBC}") = "DESAFIOPROSPERI.Server", "DESAFIOPROSPERI.Server\DESAFIOPROSPERI.Server.csproj", "{DB0A3FA1-C900-4514-A565-F362ADA57506}"
EndProject
Project("{54A90642-561A-4BB1-A94E-469ADEE60C69}") = "desafioprosperi.client", "desafioprosperi.client\desafioprosperi.client.esproj", "{8673F26A-D23F-485D-AC85-8467035D7178}"
EndProject
Global
	GlobalSection(SolutionConfigurationPlatforms) = preSolution
		Debug|Any CPU = Debug|Any CPU
		Release|Any CPU = Release|Any CPU
	EndGlobalSection
	GlobalSection(ProjectConfigurationPlatforms) = postSolution
		{DB0A3FA1-C900-4514-A565-F362ADA57506}.Debug|Any CPU.ActiveCfg = Debug|Any CPU
		{DB0A3FA1-C900-4514-A565-F362ADA57506}.Debug|Any CPU.Build.0 = Debug|Any CPU
		{DB0A3FA1-C900-4514-A565-F362ADA57506}.Release|Any CPU.ActiveCfg = Release|Any CPU
		{DB0A3FA1-C900-4514-A565-F362ADA57506}.Release|Any CPU.Build.0 = Release|Any CPU
		{8673F26A-D23F-485D-AC85-8467035D7178}.Debug|Any CPU.ActiveCfg = Debug|Any CPU
		{8673F26A-D23F-485D-AC85-8467035D7178}.Debug|Any CPU.Build.0 = Debug|Any CPU
		{8673F26A-D23F-485D-AC85-8467035D7178}.Debug|Any CPU.Deploy.0 = Debug|Any CPU
		{8673F26A-D23F-485D-AC85-8467035D7178}.Release|Any CPU.ActiveCfg = Release|Any CPU
		{8673F26A-D23F-485D-AC85-8467035D7178}.Release|Any CPU.Build.0 = Release|Any CPU
		{8673F26A-D23F-485D-AC85-8467035D7178}.Release|Any CPU.Deploy.0 = Release|Any CPU
	EndGlobalSection
	GlobalSection(SolutionProperties) = preSolution
		HideSolutionNode = FALSE
	EndGlobalSection
	GlobalSection(ExtensibilityGlobals) = postSolution
		SolutionGuid = {EF46CAB6-BF25-4C9B-B5EA-5E1EFFB277AA}
	EndGlobalSection
EndGlobal
